# This file was autogenerated by Stack.
# You should not edit this file by hand.
# For more information, please see the documentation at:
#   https://docs.haskellstack.org/en/stable/lock_files

packages:
- completed:
    hackage: text-1.2.4.1@sha256:e12b468008b3c2bbc1f39bd2dcb75ba8f563c65aa5e54ee223b76463a845b6f1,7184
    pantry-tree:
      size: 7720
      sha256: b1fd81329340a9c6eea4e78313d36c6a333a5de6032ec1536ff6c70a4300b46c
  original:
    hackage: text-1.2.4.1
snapshots:
- completed:
    size: 585392
    url: https://raw.githubusercontent.com/commercialhaskell/stackage-snapshots/master/lts/18/2.yaml
    sha256: 7abb45c0cc5eb349448b66d8753655542d45d387ad26970419282eab3d860724
  original:
    url: https://raw.githubusercontent.com/commercialhaskell/stackage-snapshots/master/lts/18/2.yaml
